
Microsoft Visual Studio Solution File, Format Version 12.00
# Visual Studio 2012
Project("{FAE04EC0-301F-11D3-BF4B-00C04F79EFBC}") = "Ccai.NewRoam.SOActivity.Domain", "Ccai.NewRoam.SOActivity.Domain\Ccai.NewRoam.SOActivity.Domain.csproj", "{CEB3A08B-7EA1-428E-A2DF-BB0526D22B36}"
EndProject
Project("{FAE04EC0-301F-11D3-BF4B-00C04F79EFBC}") = "Ccai.NewRoam.SOActivity.Data", "Ccai.NewRoam.SOActivity.Data\Ccai.NewRoam.SOActivity.Data.csproj", "{E0C99254-5864-4C93-92DA-4904D4DF2CF4}"
EndProject
Project("{FAE04EC0-301F-11D3-BF4B-00C04F79EFBC}") = "Ccai.NewRoam.SOActivity.Test", "Ccai.NewRoam.SOActivity.Test\Ccai.NewRoam.SOActivity.Test.csproj", "{1B037EF6-EA55-49F8-B90A-4BD92089126E}"
EndProject
Project("{FAE04EC0-301F-11D3-BF4B-00C04F79EFBC}") = "Ccai.NewRoam.SOActivity.Service", "Ccai.NewRoam.SOActivity.Service\Ccai.NewRoam.SOActivity.Service.csproj", "{85169D8D-FF49-40BC-8826-56A125AC6656}"
EndProject
Project("{FAE04EC0-301F-11D3-BF4B-00C04F79EFBC}") = "Ccai.NewRoam.SOActivity.Web", "Ccai.NewRoam.SOActivity.Web\Ccai.NewRoam.SOActivity.Web.csproj", "{15150C6E-AB7B-464A-8699-ACD9C3C4F54A}"
EndProject
Global
	GlobalSection(SolutionConfigurationPlatforms) = preSolution
		Debug|Any CPU = Debug|Any CPU
		Release|Any CPU = Release|Any CPU
	EndGlobalSection
	GlobalSection(ProjectConfigurationPlatforms) = postSolution
		{CEB3A08B-7EA1-428E-A2DF-BB0526D22B36}.Debug|Any CPU.ActiveCfg = Debug|Any CPU
		{CEB3A08B-7EA1-428E-A2DF-BB0526D22B36}.Debug|Any CPU.Build.0 = Debug|Any CPU
		{CEB3A08B-7EA1-428E-A2DF-BB0526D22B36}.Release|Any CPU.ActiveCfg = Release|Any CPU
		{CEB3A08B-7EA1-428E-A2DF-BB0526D22B36}.Release|Any CPU.Build.0 = Release|Any CPU
		{E0C99254-5864-4C93-92DA-4904D4DF2CF4}.Debug|Any CPU.ActiveCfg = Debug|Any CPU
		{E0C99254-5864-4C93-92DA-4904D4DF2CF4}.Debug|Any CPU.Build.0 = Debug|Any CPU
		{E0C99254-5864-4C93-92DA-4904D4DF2CF4}.Release|Any CPU.ActiveCfg = Release|Any CPU
		{E0C99254-5864-4C93-92DA-4904D4DF2CF4}.Release|Any CPU.Build.0 = Release|Any CPU
		{1B037EF6-EA55-49F8-B90A-4BD92089126E}.Debug|Any CPU.ActiveCfg = Debug|Any CPU
		{1B037EF6-EA55-49F8-B90A-4BD92089126E}.Debug|Any CPU.Build.0 = Debug|Any CPU
		{1B037EF6-EA55-49F8-B90A-4BD92089126E}.Release|Any CPU.ActiveCfg = Release|Any CPU
		{1B037EF6-EA55-49F8-B90A-4BD92089126E}.Release|Any CPU.Build.0 = Release|Any CPU
		{85169D8D-FF49-40BC-8826-56A125AC6656}.Debug|Any CPU.ActiveCfg = Debug|Any CPU
		{85169D8D-FF49-40BC-8826-56A125AC6656}.Debug|Any CPU.Build.0 = Debug|Any CPU
		{85169D8D-FF49-40BC-8826-56A125AC6656}.Release|Any CPU.ActiveCfg = Release|Any CPU
		{85169D8D-FF49-40BC-8826-56A125AC6656}.Release|Any CPU.Build.0 = Release|Any CPU
		{15150C6E-AB7B-464A-8699-ACD9C3C4F54A}.Debug|Any CPU.ActiveCfg = Debug|Any CPU
		{15150C6E-AB7B-464A-8699-ACD9C3C4F54A}.Debug|Any CPU.Build.0 = Debug|Any CPU
		{15150C6E-AB7B-464A-8699-ACD9C3C4F54A}.Release|Any CPU.ActiveCfg = Release|Any CPU
		{15150C6E-AB7B-464A-8699-ACD9C3C4F54A}.Release|Any CPU.Build.0 = Release|Any CPU
	EndGlobalSection
	GlobalSection(SolutionProperties) = preSolution
		HideSolutionNode = FALSE
	EndGlobalSection
EndGlobal
